
Microsoft Visual Studio Solution File, Format Version 12.00
# Visual Studio Version 17
VisualStudioVersion = 17.11.35303.130
MinimumVisualStudioVersion = 10.0.40219.1
Project("{FAE04EC0-301F-11D3-BF4B-00C04F79EFBC}") = "abs-backend", "abs-backend\abs-backend.csproj", "{30EAD252-828D-4FC6-AEE9-D8733643C9B6}"
EndProject
Global
	GlobalSection(SolutionConfigurationPlatforms) = preSolution
		Debug|Any CPU = Debug|Any CPU
		Release|Any CPU = Release|Any CPU
	EndGlobalSection
	GlobalSection(ProjectConfigurationPlatforms) = postSolution
		{30EAD252-828D-4FC6-AEE9-D8733643C9B6}.Debug|Any CPU.ActiveCfg = Debug|Any CPU
		{30EAD252-828D-4FC6-AEE9-D8733643C9B6}.Debug|Any CPU.Build.0 = Debug|Any CPU
		{30EAD252-828D-4FC6-AEE9-D8733643C9B6}.Release|Any CPU.ActiveCfg = Release|Any CPU
		{30EAD252-828D-4FC6-AEE9-D8733643C9B6}.Release|Any CPU.Build.0 = Release|Any CPU
	EndGlobalSection
	GlobalSection(SolutionProperties) = preSolution
		HideSolutionNode = FALSE
	EndGlobalSection
	GlobalSection(ExtensibilityGlobals) = postSolution
		SolutionGuid = {5211E184-8E9D-422D-BF70-4DEBCE400B9F}
	EndGlobalSection
EndGlobal
